
Microsoft Visual Studio Solution File, Format Version 9.00
# Visual Studio 2005
Project("{8BC9CEB8-8B4A-11D0-8D11-00A0C91BC942}") = "apply", "apply\apply.vcproj", "{F29CDD9E-C677-4E25-B6C5-83C1A27D828C}"
EndProject
Project("{8BC9CEB8-8B4A-11D0-8D11-00A0C91BC942}") = "decryptdb", "decryptdb\decryptdb.vcproj", "{595497AE-B508-4000-A35C-4DFCCCD80FE1}"
EndProject
Project("{8BC9CEB8-8B4A-11D0-8D11-00A0C91BC942}") = "analyze", "analyze\analyze.vcproj", "{1FC35C37-5CDA-407F-8133-0AD2AC88FCBB}"
EndProject
Project("{8BC9CEB8-8B4A-11D0-8D11-00A0C91BC942}") = "nninfo", "nninfo\nninfo.vcproj", "{519013BC-1F5A-485E-9497-EF4C5ACBB073}"
EndProject
Project("{8BC9CEB8-8B4A-11D0-8D11-00A0C91BC942}") = "transform", "transform\transform.vcproj", "{5ACB3154-5C02-41D3-95D4-34199A721B4C}"
EndProject
Project("{8BC9CEB8-8B4A-11D0-8D11-00A0C91BC942}") = "encryptdb", "encryptdb\encryptdb.vcproj", "{48084E8A-6D31-4BFB-A144-CB579FA1065B}"
EndProject
Global
	GlobalSection(SolutionConfigurationPlatforms) = preSolution
		Debug|Win32 = Debug|Win32
		Release|Win32 = Release|Win32
	EndGlobalSection
	GlobalSection(ProjectConfigurationPlatforms) = postSolution
		{F29CDD9E-C677-4E25-B6C5-83C1A27D828C}.Debug|Win32.ActiveCfg = Debug|Win32
		{F29CDD9E-C677-4E25-B6C5-83C1A27D828C}.Debug|Win32.Build.0 = Debug|Win32
		{F29CDD9E-C677-4E25-B6C5-83C1A27D828C}.Release|Win32.ActiveCfg = Release|Win32
		{F29CDD9E-C677-4E25-B6C5-83C1A27D828C}.Release|Win32.Build.0 = Release|Win32
		{595497AE-B508-4000-A35C-4DFCCCD80FE1}.Debug|Win32.ActiveCfg = Debug|Win32
		{595497AE-B508-4000-A35C-4DFCCCD80FE1}.Debug|Win32.Build.0 = Debug|Win32
		{595497AE-B508-4000-A35C-4DFCCCD80FE1}.Release|Win32.ActiveCfg = Release|Win32
		{595497AE-B508-4000-A35C-4DFCCCD80FE1}.Release|Win32.Build.0 = Release|Win32
		{1FC35C37-5CDA-407F-8133-0AD2AC88FCBB}.Debug|Win32.ActiveCfg = Debug|Win32
		{1FC35C37-5CDA-407F-8133-0AD2AC88FCBB}.Debug|Win32.Build.0 = Debug|Win32
		{1FC35C37-5CDA-407F-8133-0AD2AC88FCBB}.Release|Win32.ActiveCfg = Release|Win32
		{1FC35C37-5CDA-407F-8133-0AD2AC88FCBB}.Release|Win32.Build.0 = Release|Win32
		{519013BC-1F5A-485E-9497-EF4C5ACBB073}.Debug|Win32.ActiveCfg = Debug|Win32
		{519013BC-1F5A-485E-9497-EF4C5ACBB073}.Debug|Win32.Build.0 = Debug|Win32
		{519013BC-1F5A-485E-9497-EF4C5ACBB073}.Release|Win32.ActiveCfg = Release|Win32
		{519013BC-1F5A-485E-9497-EF4C5ACBB073}.Release|Win32.Build.0 = Release|Win32
		{5ACB3154-5C02-41D3-95D4-34199A721B4C}.Debug|Win32.ActiveCfg = Debug|Win32
		{5ACB3154-5C02-41D3-95D4-34199A721B4C}.Debug|Win32.Build.0 = Debug|Win32
		{5ACB3154-5C02-41D3-95D4-34199A721B4C}.Release|Win32.ActiveCfg = Release|Win32
		{5ACB3154-5C02-41D3-95D4-34199A721B4C}.Release|Win32.Build.0 = Release|Win32
		{48084E8A-6D31-4BFB-A144-CB579FA1065B}.Debug|Win32.ActiveCfg = Debug|Win32
		{48084E8A-6D31-4BFB-A144-CB579FA1065B}.Debug|Win32.Build.0 = Debug|Win32
		{48084E8A-6D31-4BFB-A144-CB579FA1065B}.Release|Win32.ActiveCfg = Release|Win32
		{48084E8A-6D31-4BFB-A144-CB579FA1065B}.Release|Win32.Build.0 = Release|Win32
	EndGlobalSection
	GlobalSection(SolutionProperties) = preSolution
		HideSolutionNode = FALSE
	EndGlobalSection
EndGlobal
